
Microsoft Visual Studio Solution File, Format Version 12.00
# Visual Studio 14
VisualStudioVersion = 14.0.25420.1
MinimumVisualStudioVersion = 10.0.40219.1
Project("{FAE04EC0-301F-11D3-BF4B-00C04F79EFBC}") = "Task5.Logic", "Task5.Logic\Task5.Logic.csproj", "{BBA2A691-EB2E-4BEC-AE57-822F26BC9C00}"
EndProject
Project("{FAE04EC0-301F-11D3-BF4B-00C04F79EFBC}") = "Task5.CUI", "Task5.CUI\Task5.CUI.csproj", "{A0F88120-45F7-473D-8C8A-27F236305D0C}"
EndProject
Project("{FAE04EC0-301F-11D3-BF4B-00C04F79EFBC}") = "Task6.Logic", "Task6.Logic\Task6.Logic.csproj", "{4FE60D9D-C588-45AF-856C-6180B18841BE}"
EndProject
Project("{FAE04EC0-301F-11D3-BF4B-00C04F79EFBC}") = "Task6.CUI", "Task6.CUI\Task6.CUI.csproj", "{0254610E-A66C-4D7D-B7D8-8DD8F3CCD399}"
EndProject
Project("{FAE04EC0-301F-11D3-BF4B-00C04F79EFBC}") = "Task7.Logic", "Task7.Logic\Task7.Logic.csproj", "{3852B231-CD85-446D-9B48-DCA500D268D1}"
EndProject
Project("{FAE04EC0-301F-11D3-BF4B-00C04F79EFBC}") = "Task7.CUI", "Task7.CUI\Task7.CUI.csproj", "{59C05F1D-0EC8-45B1-8C27-011B2E39C84F}"
EndProject
Project("{FAE04EC0-301F-11D3-BF4B-00C04F79EFBC}") = "Task5.Logic.Tests", "Task5.Logic.Tests\Task5.Logic.Tests.csproj", "{0F7FC1B9-3651-49E3-9A46-0863CD74C6CC}"
EndProject
Project("{FAE04EC0-301F-11D3-BF4B-00C04F79EFBC}") = "Task5.Logic.NUnitTests", "Task5.Logic.NUnitTests\Task5.Logic.NUnitTests.csproj", "{CF1B8ED3-34AE-4479-81A1-7D195801BCB7}"
EndProject
Project("{FAE04EC0-301F-11D3-BF4B-00C04F79EFBC}") = "NUnitExtension", "NUnitExtension\NUnitExtension.csproj", "{5036BE23-4CBC-4FBC-AFDB-15D7FCA279C8}"
EndProject
Project("{FAE04EC0-301F-11D3-BF4B-00C04F79EFBC}") = "Task6.Logic.Tests", "Task6.Logic.Tests\Task6.Logic.Tests.csproj", "{7C38724F-F79E-4629-B3A5-27DA13006499}"
EndProject
Global
	GlobalSection(SolutionConfigurationPlatforms) = preSolution
		Debug|Any CPU = Debug|Any CPU
		Release|Any CPU = Release|Any CPU
	EndGlobalSection
	GlobalSection(ProjectConfigurationPlatforms) = postSolution
		{BBA2A691-EB2E-4BEC-AE57-822F26BC9C00}.Debug|Any CPU.ActiveCfg = Debug|Any CPU
		{BBA2A691-EB2E-4BEC-AE57-822F26BC9C00}.Debug|Any CPU.Build.0 = Debug|Any CPU
		{BBA2A691-EB2E-4BEC-AE57-822F26BC9C00}.Release|Any CPU.ActiveCfg = Release|Any CPU
		{BBA2A691-EB2E-4BEC-AE57-822F26BC9C00}.Release|Any CPU.Build.0 = Release|Any CPU
		{A0F88120-45F7-473D-8C8A-27F236305D0C}.Debug|Any CPU.ActiveCfg = Debug|Any CPU
		{A0F88120-45F7-473D-8C8A-27F236305D0C}.Debug|Any CPU.Build.0 = Debug|Any CPU
		{A0F88120-45F7-473D-8C8A-27F236305D0C}.Release|Any CPU.ActiveCfg = Release|Any CPU
		{A0F88120-45F7-473D-8C8A-27F236305D0C}.Release|Any CPU.Build.0 = Release|Any CPU
		{4FE60D9D-C588-45AF-856C-6180B18841BE}.Debug|Any CPU.ActiveCfg = Debug|Any CPU
		{4FE60D9D-C588-45AF-856C-6180B18841BE}.Debug|Any CPU.Build.0 = Debug|Any CPU
		{4FE60D9D-C588-45AF-856C-6180B18841BE}.Release|Any CPU.ActiveCfg = Release|Any CPU
		{4FE60D9D-C588-45AF-856C-6180B18841BE}.Release|Any CPU.Build.0 = Release|Any CPU
		{0254610E-A66C-4D7D-B7D8-8DD8F3CCD399}.Debug|Any CPU.ActiveCfg = Debug|Any CPU
		{0254610E-A66C-4D7D-B7D8-8DD8F3CCD399}.Debug|Any CPU.Build.0 = Debug|Any CPU
		{0254610E-A66C-4D7D-B7D8-8DD8F3CCD399}.Release|Any CPU.ActiveCfg = Release|Any CPU
		{0254610E-A66C-4D7D-B7D8-8DD8F3CCD399}.Release|Any CPU.Build.0 = Release|Any CPU
		{3852B231-CD85-446D-9B48-DCA500D268D1}.Debug|Any CPU.ActiveCfg = Debug|Any CPU
		{3852B231-CD85-446D-9B48-DCA500D268D1}.Debug|Any CPU.Build.0 = Debug|Any CPU
		{3852B231-CD85-446D-9B48-DCA500D268D1}.Release|Any CPU.ActiveCfg = Release|Any CPU
		{3852B231-CD85-446D-9B48-DCA500D268D1}.Release|Any CPU.Build.0 = Release|Any CPU
		{59C05F1D-0EC8-45B1-8C27-011B2E39C84F}.Debug|Any CPU.ActiveCfg = Debug|Any CPU
		{59C05F1D-0EC8-45B1-8C27-011B2E39C84F}.Debug|Any CPU.Build.0 = Debug|Any CPU
		{59C05F1D-0EC8-45B1-8C27-011B2E39C84F}.Release|Any CPU.ActiveCfg = Release|Any CPU
		{59C05F1D-0EC8-45B1-8C27-011B2E39C84F}.Release|Any CPU.Build.0 = Release|Any CPU
		{0F7FC1B9-3651-49E3-9A46-0863CD74C6CC}.Debug|Any CPU.ActiveCfg = Debug|Any CPU
		{0F7FC1B9-3651-49E3-9A46-0863CD74C6CC}.Debug|Any CPU.Build.0 = Debug|Any CPU
		{0F7FC1B9-3651-49E3-9A46-0863CD74C6CC}.Release|Any CPU.ActiveCfg = Release|Any CPU
		{0F7FC1B9-3651-49E3-9A46-0863CD74C6CC}.Release|Any CPU.Build.0 = Release|Any CPU
		{CF1B8ED3-34AE-4479-81A1-7D195801BCB7}.Debug|Any CPU.ActiveCfg = Debug|Any CPU
		{CF1B8ED3-34AE-4479-81A1-7D195801BCB7}.Debug|Any CPU.Build.0 = Debug|Any CPU
		{CF1B8ED3-34AE-4479-81A1-7D195801BCB7}.Release|Any CPU.ActiveCfg = Release|Any CPU
		{CF1B8ED3-34AE-4479-81A1-7D195801BCB7}.Release|Any CPU.Build.0 = Release|Any CPU
		{5036BE23-4CBC-4FBC-AFDB-15D7FCA279C8}.Debug|Any CPU.ActiveCfg = Debug|Any CPU
		{5036BE23-4CBC-4FBC-AFDB-15D7FCA279C8}.Debug|Any CPU.Build.0 = Debug|Any CPU
		{5036BE23-4CBC-4FBC-AFDB-15D7FCA279C8}.Release|Any CPU.ActiveCfg = Release|Any CPU
		{5036BE23-4CBC-4FBC-AFDB-15D7FCA279C8}.Release|Any CPU.Build.0 = Release|Any CPU
		{7C38724F-F79E-4629-B3A5-27DA13006499}.Debug|Any CPU.ActiveCfg = Debug|Any CPU
		{7C38724F-F79E-4629-B3A5-27DA13006499}.Debug|Any CPU.Build.0 = Debug|Any CPU
		{7C38724F-F79E-4629-B3A5-27DA13006499}.Release|Any CPU.ActiveCfg = Release|Any CPU
		{7C38724F-F79E-4629-B3A5-27DA13006499}.Release|Any CPU.Build.0 = Release|Any CPU
	EndGlobalSection
	GlobalSection(SolutionProperties) = preSolution
		HideSolutionNode = FALSE
	EndGlobalSection
EndGlobal
